
Microsoft Visual Studio Solution File, Format Version 12.00
# Visual Studio Version 16
VisualStudioVersion = 16.0.30413.136
MinimumVisualStudioVersion = 10.0.40219.1
Project("{FAE04EC0-301F-11D3-BF4B-00C04F79EFBC}") = "StudentFormDemo", "StudentFormDemo\StudentFormDemo.csproj", "{AF88BDE9-D0CC-4E18-A597-CA54FEB2A389}"
EndProject
Global
	GlobalSection(SolutionConfigurationPlatforms) = preSolution
		Debug|Any CPU = Debug|Any CPU
		Release|Any CPU = Release|Any CPU
	EndGlobalSection
	GlobalSection(ProjectConfigurationPlatforms) = postSolution
		{AF88BDE9-D0CC-4E18-A597-CA54FEB2A389}.Debug|Any CPU.ActiveCfg = Debug|Any CPU
		{AF88BDE9-D0CC-4E18-A597-CA54FEB2A389}.Debug|Any CPU.Build.0 = Debug|Any CPU
		{AF88BDE9-D0CC-4E18-A597-CA54FEB2A389}.Release|Any CPU.ActiveCfg = Release|Any CPU
		{AF88BDE9-D0CC-4E18-A597-CA54FEB2A389}.Release|Any CPU.Build.0 = Release|Any CPU
	EndGlobalSection
	GlobalSection(SolutionProperties) = preSolution
		HideSolutionNode = FALSE
	EndGlobalSection
	GlobalSection(ExtensibilityGlobals) = postSolution
		SolutionGuid = {6CF6173E-9D0E-4AE5-B6E8-87A0EED09050}
	EndGlobalSection
EndGlobal
